
Microsoft Visual Studio Solution File, Format Version 12.00
# Visual Studio Version 16
VisualStudioVersion = 16.0.30204.135
MinimumVisualStudioVersion = 10.0.40219.1
Project("{9A19103F-16F7-4668-BE54-9A1E7A4F7556}") = "TriviaServer", "TriviaCsharpVer\TriviaServer.csproj", "{A1E39ED7-B2B8-4FC6-9E31-B4DF85BF9E38}"
EndProject
Project("{9A19103F-16F7-4668-BE54-9A1E7A4F7556}") = "TriviaTestClient", "TriviaTestClient\TriviaTestClient.csproj", "{BA5000E8-9F1C-43DE-B0E0-7006FB1A047F}"
	ProjectSection(ProjectDependencies) = postProject
		{A1E39ED7-B2B8-4FC6-9E31-B4DF85BF9E38} = {A1E39ED7-B2B8-4FC6-9E31-B4DF85BF9E38}
	EndProjectSection
EndProject
Project("{FAE04EC0-301F-11D3-BF4B-00C04F79EFBC}") = "GUI", "..\..\..\Desktop\trivia_group_1\Trivia\Client GUI\GUI\GUI.csproj", "{A77B547F-3447-4945-9CFC-1875D8C64BF2}"
	ProjectSection(ProjectDependencies) = postProject
		{A1E39ED7-B2B8-4FC6-9E31-B4DF85BF9E38} = {A1E39ED7-B2B8-4FC6-9E31-B4DF85BF9E38}
	EndProjectSection
EndProject
Project("{FAE04EC0-301F-11D3-BF4B-00C04F79EFBC}") = "TriviaClassLib", "TriviaClassLib\TriviaClassLib.csproj", "{83D3DDF0-E0DD-4912-9606-68870E5912A2}"
EndProject
Global
	GlobalSection(SolutionConfigurationPlatforms) = preSolution
		Debug|Any CPU = Debug|Any CPU
		Release|Any CPU = Release|Any CPU
	EndGlobalSection
	GlobalSection(ProjectConfigurationPlatforms) = postSolution
		{A1E39ED7-B2B8-4FC6-9E31-B4DF85BF9E38}.Debug|Any CPU.ActiveCfg = Debug|Any CPU
		{A1E39ED7-B2B8-4FC6-9E31-B4DF85BF9E38}.Debug|Any CPU.Build.0 = Debug|Any CPU
		{A1E39ED7-B2B8-4FC6-9E31-B4DF85BF9E38}.Release|Any CPU.ActiveCfg = Release|Any CPU
		{A1E39ED7-B2B8-4FC6-9E31-B4DF85BF9E38}.Release|Any CPU.Build.0 = Release|Any CPU
		{BA5000E8-9F1C-43DE-B0E0-7006FB1A047F}.Debug|Any CPU.ActiveCfg = Debug|Any CPU
		{BA5000E8-9F1C-43DE-B0E0-7006FB1A047F}.Debug|Any CPU.Build.0 = Debug|Any CPU
		{BA5000E8-9F1C-43DE-B0E0-7006FB1A047F}.Release|Any CPU.ActiveCfg = Release|Any CPU
		{BA5000E8-9F1C-43DE-B0E0-7006FB1A047F}.Release|Any CPU.Build.0 = Release|Any CPU
		{A77B547F-3447-4945-9CFC-1875D8C64BF2}.Debug|Any CPU.ActiveCfg = Debug|Any CPU
		{A77B547F-3447-4945-9CFC-1875D8C64BF2}.Debug|Any CPU.Build.0 = Debug|Any CPU
		{A77B547F-3447-4945-9CFC-1875D8C64BF2}.Release|Any CPU.ActiveCfg = Release|Any CPU
		{A77B547F-3447-4945-9CFC-1875D8C64BF2}.Release|Any CPU.Build.0 = Release|Any CPU
		{83D3DDF0-E0DD-4912-9606-68870E5912A2}.Debug|Any CPU.ActiveCfg = Debug|Any CPU
		{83D3DDF0-E0DD-4912-9606-68870E5912A2}.Debug|Any CPU.Build.0 = Debug|Any CPU
		{83D3DDF0-E0DD-4912-9606-68870E5912A2}.Release|Any CPU.ActiveCfg = Release|Any CPU
		{83D3DDF0-E0DD-4912-9606-68870E5912A2}.Release|Any CPU.Build.0 = Release|Any CPU
	EndGlobalSection
	GlobalSection(SolutionProperties) = preSolution
		HideSolutionNode = FALSE
	EndGlobalSection
	GlobalSection(ExtensibilityGlobals) = postSolution
		SolutionGuid = {CDFD0E70-B027-4933-A2AA-78CE05CBB558}
	EndGlobalSection
EndGlobal
